// !$*UTF8*$!
{
	archiveVersion = 1;
	classes = {
	};
	objectVersion = 56;
	objects = {

/* Begin PBXBuildFile section */
		7B492C2B2C311FC200E52A7B /* PolyAI in Frameworks */ = {isa = PBXBuildFile; productRef = 7B492C2A2C311FC200E52A7B /* PolyAI */; };
		7B492C692C326CC300E52A7B /* VisualEffectView.swift in Sources */ = {isa = PBXBuildFile; fileRef = 7B492C682C326CC300E52A7B /* VisualEffectView.swift */; };
		7B492C6B2C33CB6600E52A7B /* ChatUserMessageView.swift in Sources */ = {isa = PBXBuildFile; fileRef = 7B492C6A2C33CB6600E52A7B /* ChatUserMessageView.swift */; };
		7B492C6D2C33D11300E52A7B /* ChatMessageViewModel.swift in Sources */ = {isa = PBXBuildFile; fileRef = 7B492C6C2C33D11300E52A7B /* ChatMessageViewModel.swift */; };
		7B492C6F2C33D16300E52A7B /* LLMProviderContent.swift in Sources */ = {isa = PBXBuildFile; fileRef = 7B492C6E2C33D16300E52A7B /* LLMProviderContent.swift */; };
		7B492C712C33D20600E52A7B /* LLMMultiProvidersContent.swift in Sources */ = {isa = PBXBuildFile; fileRef = 7B492C702C33D20600E52A7B /* LLMMultiProvidersContent.swift */; };
		7B4F85CC2C255C44009B40FD /* CompareAIApp.swift in Sources */ = {isa = PBXBuildFile; fileRef = 7B4F85CB2C255C44009B40FD /* CompareAIApp.swift */; };
		7B4F85CE2C255C44009B40FD /* ContentView.swift in Sources */ = {isa = PBXBuildFile; fileRef = 7B4F85CD2C255C44009B40FD /* ContentView.swift */; };
		7B4F85D02C255C45009B40FD /* Assets.xcassets in Resources */ = {isa = PBXBuildFile; fileRef = 7B4F85CF2C255C45009B40FD /* Assets.xcassets */; };
		7B4F85D32C255C45009B40FD /* Preview Assets.xcassets in Resources */ = {isa = PBXBuildFile; fileRef = 7B4F85D22C255C45009B40FD /* Preview Assets.xcassets */; };
		7B4F85DE2C255C45009B40FD /* CompareAITests.swift in Sources */ = {isa = PBXBuildFile; fileRef = 7B4F85DD2C255C45009B40FD /* CompareAITests.swift */; };
		7B4F85E82C255C45009B40FD /* CompareAIUITests.swift in Sources */ = {isa = PBXBuildFile; fileRef = 7B4F85E72C255C45009B40FD /* CompareAIUITests.swift */; };
		7B4F85EA2C255C45009B40FD /* CompareAIUITestsLaunchTests.swift in Sources */ = {isa = PBXBuildFile; fileRef = 7B4F85E92C255C45009B40FD /* CompareAIUITestsLaunchTests.swift */; };
		7B4F85FB2C255C90009B40FD /* LLMProvider.swift in Sources */ = {isa = PBXBuildFile; fileRef = 7B4F85FA2C255C90009B40FD /* LLMProvider.swift */; };
		7B8AABF22C26A98300944FB5 /* ChatAssistantMessageView.swift in Sources */ = {isa = PBXBuildFile; fileRef = 7B8AABF12C26A98300944FB5 /* ChatAssistantMessageView.swift */; };
		7B8AABF62C26AA3A00944FB5 /* ChatCodeSyntaxHighlighter.swift in Sources */ = {isa = PBXBuildFile; fileRef = 7B8AABF52C26AA3A00944FB5 /* ChatCodeSyntaxHighlighter.swift */; };
		7B8AABF92C26AA7300944FB5 /* Highlightr in Frameworks */ = {isa = PBXBuildFile; productRef = 7B8AABF82C26AA7300944FB5 /* Highlightr */; };
		7B8AABFC2C26AAEC00944FB5 /* MarkdownUI in Frameworks */ = {isa = PBXBuildFile; productRef = 7B8AABFB2C26AAEC00944FB5 /* MarkdownUI */; };
		7B8AABFE2C26AB7A00944FB5 /* MarkdownUI+Theme.swift in Sources */ = {isa = PBXBuildFile; fileRef = 7B8AABFD2C26AB7A00944FB5 /* MarkdownUI+Theme.swift */; };
		7B8AAC002C26ABA100944FB5 /* CopyToClipboardButton.swift in Sources */ = {isa = PBXBuildFile; fileRef = 7B8AABFF2C26ABA100944FB5 /* CopyToClipboardButton.swift */; };
		7B8AAC032C26ABBD00944FB5 /* Sizes.swift in Sources */ = {isa = PBXBuildFile; fileRef = 7B8AAC022C26ABBD00944FB5 /* Sizes.swift */; };
		7B8AAC052C26ABEF00944FB5 /* Colors.swift in Sources */ = {isa = PBXBuildFile; fileRef = 7B8AAC042C26ABEF00944FB5 /* Colors.swift */; };
		7B8AAC072C26AE8500944FB5 /* CustomTextInput.swift in Sources */ = {isa = PBXBuildFile; fileRef = 7B8AAC062C26AE8500944FB5 /* CustomTextInput.swift */; };
		7B8AAC0A2C27E35E00944FB5 /* ChatScreen.swift in Sources */ = {isa = PBXBuildFile; fileRef = 7B8AAC092C27E35E00944FB5 /* ChatScreen.swift */; };
		7B8AAC172C28020E00944FB5 /* ChatScrollView.swift in Sources */ = {isa = PBXBuildFile; fileRef = 7B8AAC162C28020E00944FB5 /* ChatScrollView.swift */; };
/* End PBXBuildFile section */

/* Begin PBXContainerItemProxy section */
		7B4F85DA2C255C45009B40FD /* PBXContainerItemProxy */ = {
			isa = PBXContainerItemProxy;
			containerPortal = 7B4F85C02C255C44009B40FD /* Project object */;
			proxyType = 1;
			remoteGlobalIDString = 7B4F85C72C255C44009B40FD;
			remoteInfo = CompareAI;
		};
		7B4F85E42C255C45009B40FD /* PBXContainerItemProxy */ = {
			isa = PBXContainerItemProxy;
			containerPortal = 7B4F85C02C255C44009B40FD /* Project object */;
			proxyType = 1;
			remoteGlobalIDString = 7B4F85C72C255C44009B40FD;
			remoteInfo = CompareAI;
		};
/* End PBXContainerItemProxy section */

/* Begin PBXFileReference section */
		7B492C682C326CC300E52A7B /* VisualEffectView.swift */ = {isa = PBXFileReference; lastKnownFileType = sourcecode.swift; path = VisualEffectView.swift; sourceTree = "<group>"; };
		7B492C6A2C33CB6600E52A7B /* ChatUserMessageView.swift */ = {isa = PBXFileReference; lastKnownFileType = sourcecode.swift; path = ChatUserMessageView.swift; sourceTree = "<group>"; };
		7B492C6C2C33D11300E52A7B /* ChatMessageViewModel.swift */ = {isa = PBXFileReference; lastKnownFileType = sourcecode.swift; path = ChatMessageViewModel.swift; sourceTree = "<group>"; };
		7B492C6E2C33D16300E52A7B /* LLMProviderContent.swift */ = {isa = PBXFileReference; lastKnownFileType = sourcecode.swift; path = LLMProviderContent.swift; sourceTree = "<group>"; };
		7B492C702C33D20600E52A7B /* LLMMultiProvidersContent.swift */ = {isa = PBXFileReference; lastKnownFileType = sourcecode.swift; path = LLMMultiProvidersContent.swift; sourceTree = "<group>"; };
		7B4F85C82C255C44009B40FD /* CompareAI.app */ = {isa = PBXFileReference; explicitFileType = wrapper.application; includeInIndex = 0; path = CompareAI.app; sourceTree = BUILT_PRODUCTS_DIR; };
		7B4F85CB2C255C44009B40FD /* CompareAIApp.swift */ = {isa = PBXFileReference; lastKnownFileType = sourcecode.swift; path = CompareAIApp.swift; sourceTree = "<group>"; };
		7B4F85CD2C255C44009B40FD /* ContentView.swift */ = {isa = PBXFileReference; lastKnownFileType = sourcecode.swift; path = ContentView.swift; sourceTree = "<group>"; };
		7B4F85CF2C255C45009B40FD /* Assets.xcassets */ = {isa = PBXFileReference; lastKnownFileType = folder.assetcatalog; path = Assets.xcassets; sourceTree = "<group>"; };
		7B4F85D22C255C45009B40FD /* Preview Assets.xcassets */ = {isa = PBXFileReference; lastKnownFileType = folder.assetcatalog; path = "Preview Assets.xcassets"; sourceTree = "<group>"; };
		7B4F85D42C255C45009B40FD /* CompareAI.entitlements */ = {isa = PBXFileReference; lastKnownFileType = text.plist.entitlements; path = CompareAI.entitlements; sourceTree = "<group>"; };
		7B4F85D92C255C45009B40FD /* CompareAITests.xctest */ = {isa = PBXFileReference; explicitFileType = wrapper.cfbundle; includeInIndex = 0; path = CompareAITests.xctest; sourceTree = BUILT_PRODUCTS_DIR; };
		7B4F85DD2C255C45009B40FD /* CompareAITests.swift */ = {isa = PBXFileReference; lastKnownFileType = sourcecode.swift; path = CompareAITests.swift; sourceTree = "<group>"; };
		7B4F85E32C255C45009B40FD /* CompareAIUITests.xctest */ = {isa = PBXFileReference; explicitFileType = wrapper.cfbundle; includeInIndex = 0; path = CompareAIUITests.xctest; sourceTree = BUILT_PRODUCTS_DIR; };
		7B4F85E72C255C45009B40FD /* CompareAIUITests.swift */ = {isa = PBXFileReference; lastKnownFileType = sourcecode.swift; path = CompareAIUITests.swift; sourceTree = "<group>"; };
		7B4F85E92C255C45009B40FD /* CompareAIUITestsLaunchTests.swift */ = {isa = PBXFileReference; lastKnownFileType = sourcecode.swift; path = CompareAIUITestsLaunchTests.swift; sourceTree = "<group>"; };
		7B4F85FA2C255C90009B40FD /* LLMProvider.swift */ = {isa = PBXFileReference; lastKnownFileType = sourcecode.swift; path = LLMProvider.swift; sourceTree = "<group>"; };
		7B8AABF12C26A98300944FB5 /* ChatAssistantMessageView.swift */ = {isa = PBXFileReference; lastKnownFileType = sourcecode.swift; path = ChatAssistantMessageView.swift; sourceTree = "<group>"; };
		7B8AABF52C26AA3A00944FB5 /* ChatCodeSyntaxHighlighter.swift */ = {isa = PBXFileReference; lastKnownFileType = sourcecode.swift; path = ChatCodeSyntaxHighlighter.swift; sourceTree = "<group>"; };
		7B8AABFD2C26AB7A00944FB5 /* MarkdownUI+Theme.swift */ = {isa = PBXFileReference; lastKnownFileType = sourcecode.swift; path = "MarkdownUI+Theme.swift"; sourceTree = "<group>"; };
		7B8AABFF2C26ABA100944FB5 /* CopyToClipboardButton.swift */ = {isa = PBXFileReference; lastKnownFileType = sourcecode.swift; path = CopyToClipboardButton.swift; sourceTree = "<group>"; };
		7B8AAC022C26ABBD00944FB5 /* Sizes.swift */ = {isa = PBXFileReference; lastKnownFileType = sourcecode.swift; path = Sizes.swift; sourceTree = "<group>"; };
		7B8AAC042C26ABEF00944FB5 /* Colors.swift */ = {isa = PBXFileReference; lastKnownFileType = sourcecode.swift; path = Colors.swift; sourceTree = "<group>"; };
		7B8AAC062C26AE8500944FB5 /* CustomTextInput.swift */ = {isa = PBXFileReference; lastKnownFileType = sourcecode.swift; path = CustomTextInput.swift; sourceTree = "<group>"; };
		7B8AAC092C27E35E00944FB5 /* ChatScreen.swift */ = {isa = PBXFileReference; lastKnownFileType = sourcecode.swift; path = ChatScreen.swift; sourceTree = "<group>"; };
		7B8AAC162C28020E00944FB5 /* ChatScrollView.swift */ = {isa = PBXFileReference; lastKnownFileType = sourcecode.swift; path = ChatScrollView.swift; sourceTree = "<group>"; };
/* End PBXFileReference section */

/* Begin PBXFrameworksBuildPhase section */
		7B4F85C52C255C44009B40FD /* Frameworks */ = {
			isa = PBXFrameworksBuildPhase;
			buildActionMask = 2147483647;
			files = (
				7B8AABFC2C26AAEC00944FB5 /* MarkdownUI in Frameworks */,
				7B8AABF92C26AA7300944FB5 /* Highlightr in Frameworks */,
				7B492C2B2C311FC200E52A7B /* PolyAI in Frameworks */,
			);
			runOnlyForDeploymentPostprocessing = 0;
		};
		7B4F85D62C255C45009B40FD /* Frameworks */ = {
			isa = PBXFrameworksBuildPhase;
			buildActionMask = 2147483647;
			files = (
			);
			runOnlyForDeploymentPostprocessing = 0;
		};
		7B4F85E02C255C45009B40FD /* Frameworks */ = {
			isa = PBXFrameworksBuildPhase;
			buildActionMask = 2147483647;
			files = (
			);
			runOnlyForDeploymentPostprocessing = 0;
		};
/* End PBXFrameworksBuildPhase section */

/* Begin PBXGroup section */
		7B4F85BF2C255C44009B40FD = {
			isa = PBXGroup;
			children = (
				7B4F85CA2C255C44009B40FD /* CompareAI */,
				7B4F85DC2C255C45009B40FD /* CompareAITests */,
				7B4F85E62C255C45009B40FD /* CompareAIUITests */,
				7B4F85C92C255C44009B40FD /* Products */,
				7B8AABF72C26AA7300944FB5 /* Frameworks */,
			);
			sourceTree = "<group>";
		};
		7B4F85C92C255C44009B40FD /* Products */ = {
			isa = PBXGroup;
			children = (
				7B4F85C82C255C44009B40FD /* CompareAI.app */,
				7B4F85D92C255C45009B40FD /* CompareAITests.xctest */,
				7B4F85E32C255C45009B40FD /* CompareAIUITests.xctest */,
			);
			name = Products;
			sourceTree = "<group>";
		};
		7B4F85CA2C255C44009B40FD /* CompareAI */ = {
			isa = PBXGroup;
			children = (
				7B8AABF02C26A97600944FB5 /* UI */,
				7B4F85F92C255C83009B40FD /* Models */,
				7B4F85CB2C255C44009B40FD /* CompareAIApp.swift */,
				7B4F85CD2C255C44009B40FD /* ContentView.swift */,
				7B4F85CF2C255C45009B40FD /* Assets.xcassets */,
				7B4F85D42C255C45009B40FD /* CompareAI.entitlements */,
				7B4F85D12C255C45009B40FD /* Preview Content */,
			);
			path = CompareAI;
			sourceTree = "<group>";
		};
		7B4F85D12C255C45009B40FD /* Preview Content */ = {
			isa = PBXGroup;
			children = (
				7B4F85D22C255C45009B40FD /* Preview Assets.xcassets */,
			);
			path = "Preview Content";
			sourceTree = "<group>";
		};
		7B4F85DC2C255C45009B40FD /* CompareAITests */ = {
			isa = PBXGroup;
			children = (
				7B4F85DD2C255C45009B40FD /* CompareAITests.swift */,
			);
			path = CompareAITests;
			sourceTree = "<group>";
		};
		7B4F85E62C255C45009B40FD /* CompareAIUITests */ = {
			isa = PBXGroup;
			children = (
				7B4F85E72C255C45009B40FD /* CompareAIUITests.swift */,
				7B4F85E92C255C45009B40FD /* CompareAIUITestsLaunchTests.swift */,
			);
			path = CompareAIUITests;
			sourceTree = "<group>";
		};
		7B4F85F92C255C83009B40FD /* Models */ = {
			isa = PBXGroup;
			children = (
				7B4F85FA2C255C90009B40FD /* LLMProvider.swift */,
				7B492C6C2C33D11300E52A7B /* ChatMessageViewModel.swift */,
				7B492C6E2C33D16300E52A7B /* LLMProviderContent.swift */,
				7B492C702C33D20600E52A7B /* LLMMultiProvidersContent.swift */,
			);
			path = Models;
			sourceTree = "<group>";
		};
		7B8AABF02C26A97600944FB5 /* UI */ = {
			isa = PBXGroup;
			children = (
				7B8AAC0B2C27E37000944FB5 /* Components */,
				7B8AAC082C27E35400944FB5 /* Screens */,
				7B8AAC012C26ABB500944FB5 /* Design */,
				7B8AABF32C26A9B500944FB5 /* Code */,
				7B8AABFF2C26ABA100944FB5 /* CopyToClipboardButton.swift */,
				7B8AAC062C26AE8500944FB5 /* CustomTextInput.swift */,
			);
			path = UI;
			sourceTree = "<group>";
		};
		7B8AABF32C26A9B500944FB5 /* Code */ = {
			isa = PBXGroup;
			children = (
				7B8AABF52C26AA3A00944FB5 /* ChatCodeSyntaxHighlighter.swift */,
				7B8AABFD2C26AB7A00944FB5 /* MarkdownUI+Theme.swift */,
			);
			path = Code;
			sourceTree = "<group>";
		};
		7B8AABF72C26AA7300944FB5 /* Frameworks */ = {
			isa = PBXGroup;
			children = (
			);
			name = Frameworks;
			sourceTree = "<group>";
		};
		7B8AAC012C26ABB500944FB5 /* Design */ = {
			isa = PBXGroup;
			children = (
				7B8AAC022C26ABBD00944FB5 /* Sizes.swift */,
				7B8AAC042C26ABEF00944FB5 /* Colors.swift */,
				7B492C682C326CC300E52A7B /* VisualEffectView.swift */,
			);
			path = Design;
			sourceTree = "<group>";
		};
		7B8AAC082C27E35400944FB5 /* Screens */ = {
			isa = PBXGroup;
			children = (
				7B8AAC092C27E35E00944FB5 /* ChatScreen.swift */,
			);
			path = Screens;
			sourceTree = "<group>";
		};
		7B8AAC0B2C27E37000944FB5 /* Components */ = {
			isa = PBXGroup;
			children = (
				7B8AABF12C26A98300944FB5 /* ChatAssistantMessageView.swift */,
				7B8AAC162C28020E00944FB5 /* ChatScrollView.swift */,
				7B492C6A2C33CB6600E52A7B /* ChatUserMessageView.swift */,
			);
			path = Components;
			sourceTree = "<group>";
		};
/* End PBXGroup section */

/* Begin PBXNativeTarget section */
		7B4F85C72C255C44009B40FD /* CompareAI */ = {
			isa = PBXNativeTarget;
			buildConfigurationList = 7B4F85ED2C255C45009B40FD /* Build configuration list for PBXNativeTarget "CompareAI" */;
			buildPhases = (
				7B4F85C42C255C44009B40FD /* Sources */,
				7B4F85C52C255C44009B40FD /* Frameworks */,
				7B4F85C62C255C44009B40FD /* Resources */,
			);
			buildRules = (
			);
			dependencies = (
			);
			name = CompareAI;
			packageProductDependencies = (
				7B8AABF82C26AA7300944FB5 /* Highlightr */,
				7B8AABFB2C26AAEC00944FB5 /* MarkdownUI */,
				7B492C2A2C311FC200E52A7B /* PolyAI */,
			);
			productName = CompareAI;
			productReference = 7B4F85C82C255C44009B40FD /* CompareAI.app */;
			productType = "com.apple.product-type.application";
		};
		7B4F85D82C255C45009B40FD /* CompareAITests */ = {
			isa = PBXNativeTarget;
			buildConfigurationList = 7B4F85F02C255C45009B40FD /* Build configuration list for PBXNativeTarget "CompareAITests" */;
			buildPhases = (
				7B4F85D52C255C45009B40FD /* Sources */,
				7B4F85D62C255C45009B40FD /* Frameworks */,
				7B4F85D72C255C45009B40FD /* Resources */,
			);
			buildRules = (
			);
			dependencies = (
				7B4F85DB2C255C45009B40FD /* PBXTargetDependency */,
			);
			name = CompareAITests;
			productName = CompareAITests;
			productReference = 7B4F85D92C255C45009B40FD /* CompareAITests.xctest */;
			productType = "com.apple.product-type.bundle.unit-test";
		};
		7B4F85E22C255C45009B40FD /* CompareAIUITests */ = {
			isa = PBXNativeTarget;
			buildConfigurationList = 7B4F85F32C255C45009B40FD /* Build configuration list for PBXNativeTarget "CompareAIUITests" */;
			buildPhases = (
				7B4F85DF2C255C45009B40FD /* Sources */,
				7B4F85E02C255C45009B40FD /* Frameworks */,
				7B4F85E12C255C45009B40FD /* Resources */,
			);
			buildRules = (
			);
			dependencies = (
				7B4F85E52C255C45009B40FD /* PBXTargetDependency */,
			);
			name = CompareAIUITests;
			productName = CompareAIUITests;
			productReference = 7B4F85E32C255C45009B40FD /* CompareAIUITests.xctest */;
			productType = "com.apple.product-type.bundle.ui-testing";
		};
/* End PBXNativeTarget section */

/* Begin PBXProject section */
		7B4F85C02C255C44009B40FD /* Project object */ = {
			isa = PBXProject;
			attributes = {
				BuildIndependentTargetsInParallel = 1;
				LastSwiftUpdateCheck = 1500;
				LastUpgradeCheck = 1500;
				TargetAttributes = {
					7B4F85C72C255C44009B40FD = {
						CreatedOnToolsVersion = 15.0;
					};
					7B4F85D82C255C45009B40FD = {
						CreatedOnToolsVersion = 15.0;
						TestTargetID = 7B4F85C72C255C44009B40FD;
					};
					7B4F85E22C255C45009B40FD = {
						CreatedOnToolsVersion = 15.0;
						TestTargetID = 7B4F85C72C255C44009B40FD;
					};
				};
			};
			buildConfigurationList = 7B4F85C32C255C44009B40FD /* Build configuration list for PBXProject "CompareAI" */;
			compatibilityVersion = "Xcode 14.0";
			developmentRegion = en;
			hasScannedForEncodings = 0;
			knownRegions = (
				en,
				Base,
			);
			mainGroup = 7B4F85BF2C255C44009B40FD;
			packageReferences = (
				7B4F85F62C255C75009B40FD /* XCRemoteSwiftPackageReference "PolyAI" */,
				7B8AABF42C26AA1400944FB5 /* XCRemoteSwiftPackageReference "Highlightr" */,
				7B8AABFA2C26AADD00944FB5 /* XCRemoteSwiftPackageReference "swift-markdown-ui" */,
			);
			productRefGroup = 7B4F85C92C255C44009B40FD /* Products */;
			projectDirPath = "";
			projectRoot = "";
			targets = (
				7B4F85C72C255C44009B40FD /* CompareAI */,
				7B4F85D82C255C45009B40FD /* CompareAITests */,
				7B4F85E22C255C45009B40FD /* CompareAIUITests */,
			);
		};
/* End PBXProject section */

/* Begin PBXResourcesBuildPhase section */
		7B4F85C62C255C44009B40FD /* Resources */ = {
			isa = PBXResourcesBuildPhase;
			buildActionMask = 2147483647;
			files = (
				7B4F85D32C255C45009B40FD /* Preview Assets.xcassets in Resources */,
				7B4F85D02C255C45009B40FD /* Assets.xcassets in Resources */,
			);
			runOnlyForDeploymentPostprocessing = 0;
		};
		7B4F85D72C255C45009B40FD /* Resources */ = {
			isa = PBXResourcesBuildPhase;
			buildActionMask = 2147483647;
			files = (
			);
			runOnlyForDeploymentPostprocessing = 0;
		};
		7B4F85E12C255C45009B40FD /* Resources */ = {
			isa = PBXResourcesBuildPhase;
			buildActionMask = 2147483647;
			files = (
			);
			runOnlyForDeploymentPostprocessing = 0;
		};
/* End PBXResourcesBuildPhase section */

/* Begin PBXSourcesBuildPhase section */
		7B4F85C42C255C44009B40FD /* Sources */ = {
			isa = PBXSourcesBuildPhase;
			buildActionMask = 2147483647;
			files = (
				7B8AABF62C26AA3A00944FB5 /* ChatCodeSyntaxHighlighter.swift in Sources */,
				7B8AAC052C26ABEF00944FB5 /* Colors.swift in Sources */,
				7B8AABFE2C26AB7A00944FB5 /* MarkdownUI+Theme.swift in Sources */,
				7B492C6B2C33CB6600E52A7B /* ChatUserMessageView.swift in Sources */,
				7B492C712C33D20600E52A7B /* LLMMultiProvidersContent.swift in Sources */,
				7B4F85FB2C255C90009B40FD /* LLMProvider.swift in Sources */,
				7B8AAC002C26ABA100944FB5 /* CopyToClipboardButton.swift in Sources */,
				7B8AAC032C26ABBD00944FB5 /* Sizes.swift in Sources */,
				7B8AAC172C28020E00944FB5 /* ChatScrollView.swift in Sources */,
				7B8AAC072C26AE8500944FB5 /* CustomTextInput.swift in Sources */,
				7B492C6D2C33D11300E52A7B /* ChatMessageViewModel.swift in Sources */,
				7B4F85CE2C255C44009B40FD /* ContentView.swift in Sources */,
				7B8AAC0A2C27E35E00944FB5 /* ChatScreen.swift in Sources */,
				7B492C692C326CC300E52A7B /* VisualEffectView.swift in Sources */,
				7B4F85CC2C255C44009B40FD /* CompareAIApp.swift in Sources */,
				7B492C6F2C33D16300E52A7B /* LLMProviderContent.swift in Sources */,
				7B8AABF22C26A98300944FB5 /* ChatAssistantMessageView.swift in Sources */,
			);
			runOnlyForDeploymentPostprocessing = 0;
		};
		7B4F85D52C255C45009B40FD /* Sources */ = {
			isa = PBXSourcesBuildPhase;
			buildActionMask = 2147483647;
			files = (
				7B4F85DE2C255C45009B40FD /* CompareAITests.swift in Sources */,
			);
			runOnlyForDeploymentPostprocessing = 0;
		};
		7B4F85DF2C255C45009B40FD /* Sources */ = {
			isa = PBXSourcesBuildPhase;
			buildActionMask = 2147483647;
			files = (
				7B4F85EA2C255C45009B40FD /* CompareAIUITestsLaunchTests.swift in Sources */,
				7B4F85E82C255C45009B40FD /* CompareAIUITests.swift in Sources */,
			);
			runOnlyForDeploymentPostprocessing = 0;
		};
/* End PBXSourcesBuildPhase section */

/* Begin PBXTargetDependency section */
		7B4F85DB2C255C45009B40FD /* PBXTargetDependency */ = {
			isa = PBXTargetDependency;
			target = 7B4F85C72C255C44009B40FD /* CompareAI */;
			targetProxy = 7B4F85DA2C255C45009B40FD /* PBXContainerItemProxy */;
		};
		7B4F85E52C255C45009B40FD /* PBXTargetDependency */ = {
			isa = PBXTargetDependency;
			target = 7B4F85C72C255C44009B40FD /* CompareAI */;
			targetProxy = 7B4F85E42C255C45009B40FD /* PBXContainerItemProxy */;
		};
/* End PBXTargetDependency section */

/* Begin XCBuildConfiguration section */
		7B4F85EB2C255C45009B40FD /* Debug */ = {
			isa = XCBuildConfiguration;
			buildSettings = {
				ALWAYS_SEARCH_USER_PATHS = NO;
				ASSETCATALOG_COMPILER_GENERATE_SWIFT_ASSET_SYMBOL_EXTENSIONS = YES;
				CLANG_ANALYZER_NONNULL = YES;
				CLANG_ANALYZER_NUMBER_OBJECT_CONVERSION = YES_AGGRESSIVE;
				CLANG_CXX_LANGUAGE_STANDARD = "gnu++20";
				CLANG_ENABLE_MODULES = YES;
				CLANG_ENABLE_OBJC_ARC = YES;
				CLANG_ENABLE_OBJC_WEAK = YES;
				CLANG_WARN_BLOCK_CAPTURE_AUTORELEASING = YES;
				CLANG_WARN_BOOL_CONVERSION = YES;
				CLANG_WARN_COMMA = YES;
				CLANG_WARN_CONSTANT_CONVERSION = YES;
				CLANG_WARN_DEPRECATED_OBJC_IMPLEMENTATIONS = YES;
				CLANG_WARN_DIRECT_OBJC_ISA_USAGE = YES_ERROR;
				CLANG_WARN_DOCUMENTATION_COMMENTS = YES;
				CLANG_WARN_EMPTY_BODY = YES;
				CLANG_WARN_ENUM_CONVERSION = YES;
				CLANG_WARN_INFINITE_RECURSION = YES;
				CLANG_WARN_INT_CONVERSION = YES;
				CLANG_WARN_NON_LITERAL_NULL_CONVERSION = YES;
				CLANG_WARN_OBJC_IMPLICIT_RETAIN_SELF = YES;
				CLANG_WARN_OBJC_LITERAL_CONVERSION = YES;
				CLANG_WARN_OBJC_ROOT_CLASS = YES_ERROR;
				CLANG_WARN_QUOTED_INCLUDE_IN_FRAMEWORK_HEADER = YES;
				CLANG_WARN_RANGE_LOOP_ANALYSIS = YES;
				CLANG_WARN_STRICT_PROTOTYPES = YES;
				CLANG_WARN_SUSPICIOUS_MOVE = YES;
				CLANG_WARN_UNGUARDED_AVAILABILITY = YES_AGGRESSIVE;
				CLANG_WARN_UNREACHABLE_CODE = YES;
				CLANG_WARN__DUPLICATE_METHOD_MATCH = YES;
				COPY_PHASE_STRIP = NO;
				DEBUG_INFORMATION_FORMAT = dwarf;
				ENABLE_STRICT_OBJC_MSGSEND = YES;
				ENABLE_TESTABILITY = YES;
				ENABLE_USER_SCRIPT_SANDBOXING = YES;
				GCC_C_LANGUAGE_STANDARD = gnu17;
				GCC_DYNAMIC_NO_PIC = NO;
				GCC_NO_COMMON_BLOCKS = YES;
				GCC_OPTIMIZATION_LEVEL = 0;
				GCC_PREPROCESSOR_DEFINITIONS = (
					"DEBUG=1",
					"$(inherited)",
				);
				GCC_WARN_64_TO_32_BIT_CONVERSION = YES;
				GCC_WARN_ABOUT_RETURN_TYPE = YES_ERROR;
				GCC_WARN_UNDECLARED_SELECTOR = YES;
				GCC_WARN_UNINITIALIZED_AUTOS = YES_AGGRESSIVE;
				GCC_WARN_UNUSED_FUNCTION = YES;
				GCC_WARN_UNUSED_VARIABLE = YES;
				LOCALIZATION_PREFERS_STRING_CATALOGS = YES;
				MACOSX_DEPLOYMENT_TARGET = 14.0;
				MTL_ENABLE_DEBUG_INFO = INCLUDE_SOURCE;
				MTL_FAST_MATH = YES;
				ONLY_ACTIVE_ARCH = YES;
				SDKROOT = macosx;
				SWIFT_ACTIVE_COMPILATION_CONDITIONS = "DEBUG $(inherited)";
				SWIFT_OPTIMIZATION_LEVEL = "-Onone";
			};
			name = Debug;
		};
		7B4F85EC2C255C45009B40FD /* Release */ = {
			isa = XCBuildConfiguration;
			buildSettings = {
				ALWAYS_SEARCH_USER_PATHS = NO;
				ASSETCATALOG_COMPILER_GENERATE_SWIFT_ASSET_SYMBOL_EXTENSIONS = YES;
				CLANG_ANALYZER_NONNULL = YES;
				CLANG_ANALYZER_NUMBER_OBJECT_CONVERSION = YES_AGGRESSIVE;
				CLANG_CXX_LANGUAGE_STANDARD = "gnu++20";
				CLANG_ENABLE_MODULES = YES;
				CLANG_ENABLE_OBJC_ARC = YES;
				CLANG_ENABLE_OBJC_WEAK = YES;
				CLANG_WARN_BLOCK_CAPTURE_AUTORELEASING = YES;
				CLANG_WARN_BOOL_CONVERSION = YES;
				CLANG_WARN_COMMA = YES;
				CLANG_WARN_CONSTANT_CONVERSION = YES;
				CLANG_WARN_DEPRECATED_OBJC_IMPLEMENTATIONS = YES;
				CLANG_WARN_DIRECT_OBJC_ISA_USAGE = YES_ERROR;
				CLANG_WARN_DOCUMENTATION_COMMENTS = YES;
				CLANG_WARN_EMPTY_BODY = YES;
				CLANG_WARN_ENUM_CONVERSION = YES;
				CLANG_WARN_INFINITE_RECURSION = YES;
				CLANG_WARN_INT_CONVERSION = YES;
				CLANG_WARN_NON_LITERAL_NULL_CONVERSION = YES;
				CLANG_WARN_OBJC_IMPLICIT_RETAIN_SELF = YES;
				CLANG_WARN_OBJC_LITERAL_CONVERSION = YES;
				CLANG_WARN_OBJC_ROOT_CLASS = YES_ERROR;
				CLANG_WARN_QUOTED_INCLUDE_IN_FRAMEWORK_HEADER = YES;
				CLANG_WARN_RANGE_LOOP_ANALYSIS = YES;
				CLANG_WARN_STRICT_PROTOTYPES = YES;
				CLANG_WARN_SUSPICIOUS_MOVE = YES;
				CLANG_WARN_UNGUARDED_AVAILABILITY = YES_AGGRESSIVE;
				CLANG_WARN_UNREACHABLE_CODE = YES;
				CLANG_WARN__DUPLICATE_METHOD_MATCH = YES;
				COPY_PHASE_STRIP = NO;
				DEBUG_INFORMATION_FORMAT = "dwarf-with-dsym";
				ENABLE_NS_ASSERTIONS = NO;
				ENABLE_STRICT_OBJC_MSGSEND = YES;
				ENABLE_USER_SCRIPT_SANDBOXING = YES;
				GCC_C_LANGUAGE_STANDARD = gnu17;
				GCC_NO_COMMON_BLOCKS = YES;
				GCC_WARN_64_TO_32_BIT_CONVERSION = YES;
				GCC_WARN_ABOUT_RETURN_TYPE = YES_ERROR;
				GCC_WARN_UNDECLARED_SELECTOR = YES;
				GCC_WARN_UNINITIALIZED_AUTOS = YES_AGGRESSIVE;
				GCC_WARN_UNUSED_FUNCTION = YES;
				GCC_WARN_UNUSED_VARIABLE = YES;
				LOCALIZATION_PREFERS_STRING_CATALOGS = YES;
				MACOSX_DEPLOYMENT_TARGET = 14.0;
				MTL_ENABLE_DEBUG_INFO = NO;
				MTL_FAST_MATH = YES;
				SDKROOT = macosx;
				SWIFT_COMPILATION_MODE = wholemodule;
			};
			name = Release;
		};
		7B4F85EE2C255C45009B40FD /* Debug */ = {
			isa = XCBuildConfiguration;
			buildSettings = {
				ASSETCATALOG_COMPILER_APPICON_NAME = AppIcon;
				ASSETCATALOG_COMPILER_GLOBAL_ACCENT_COLOR_NAME = AccentColor;
				CODE_SIGN_ENTITLEMENTS = CompareAI/CompareAI.entitlements;
				CODE_SIGN_STYLE = Automatic;
				COMBINE_HIDPI_IMAGES = YES;
				CURRENT_PROJECT_VERSION = 1;
				DEVELOPMENT_ASSET_PATHS = "\"CompareAI/Preview Content\"";
				DEVELOPMENT_TEAM = CQ45U4X9K3;
				ENABLE_HARDENED_RUNTIME = YES;
				ENABLE_PREVIEWS = YES;
				GENERATE_INFOPLIST_FILE = YES;
				INFOPLIST_KEY_NSHumanReadableCopyright = "";
				LD_RUNPATH_SEARCH_PATHS = (
					"$(inherited)",
					"@executable_path/../Frameworks",
				);
				MACOSX_DEPLOYMENT_TARGET = 14.0;
				MARKETING_VERSION = 1.0;
				PRODUCT_BUNDLE_IDENTIFIER = jamesRochabrun.CompareAI;
				PRODUCT_NAME = "$(TARGET_NAME)";
				SDKROOT = macosx14.0;
				SWIFT_EMIT_LOC_STRINGS = YES;
				SWIFT_VERSION = 5.0;
			};
			name = Debug;
		};
		7B4F85EF2C255C45009B40FD /* Release */ = {
			isa = XCBuildConfiguration;
			buildSettings = {
				ASSETCATALOG_COMPILER_APPICON_NAME = AppIcon;
				ASSETCATALOG_COMPILER_GLOBAL_ACCENT_COLOR_NAME = AccentColor;
				CODE_SIGN_ENTITLEMENTS = CompareAI/CompareAI.entitlements;
				CODE_SIGN_STYLE = Automatic;
				COMBINE_HIDPI_IMAGES = YES;
				CURRENT_PROJECT_VERSION = 1;
				DEVELOPMENT_ASSET_PATHS = "\"CompareAI/Preview Content\"";
				DEVELOPMENT_TEAM = CQ45U4X9K3;
				ENABLE_HARDENED_RUNTIME = YES;
				ENABLE_PREVIEWS = YES;
				GENERATE_INFOPLIST_FILE = YES;
				INFOPLIST_KEY_NSHumanReadableCopyright = "";
				LD_RUNPATH_SEARCH_PATHS = (
					"$(inherited)",
					"@executable_path/../Frameworks",
				);
				MACOSX_DEPLOYMENT_TARGET = 14.0;
				MARKETING_VERSION = 1.0;
				PRODUCT_BUNDLE_IDENTIFIER = jamesRochabrun.CompareAI;
				PRODUCT_NAME = "$(TARGET_NAME)";
				SDKROOT = macosx14.0;
				SWIFT_EMIT_LOC_STRINGS = YES;
				SWIFT_VERSION = 5.0;
			};
			name = Release;
		};
		7B4F85F12C255C45009B40FD /* Debug */ = {
			isa = XCBuildConfiguration;
			buildSettings = {
				ALWAYS_EMBED_SWIFT_STANDARD_LIBRARIES = YES;
				BUNDLE_LOADER = "$(TEST_HOST)";
				CODE_SIGN_STYLE = Automatic;
				CURRENT_PROJECT_VERSION = 1;
				DEVELOPMENT_TEAM = CQ45U4X9K3;
				GENERATE_INFOPLIST_FILE = YES;
				MACOSX_DEPLOYMENT_TARGET = 14.0;
				MARKETING_VERSION = 1.0;
				PRODUCT_BUNDLE_IDENTIFIER = jamesRochabrun.CompareAITests;
				PRODUCT_NAME = "$(TARGET_NAME)";
				SWIFT_EMIT_LOC_STRINGS = NO;
				SWIFT_VERSION = 5.0;
				TEST_HOST = "$(BUILT_PRODUCTS_DIR)/CompareAI.app/$(BUNDLE_EXECUTABLE_FOLDER_PATH)/CompareAI";
			};
			name = Debug;
		};
		7B4F85F22C255C45009B40FD /* Release */ = {
			isa = XCBuildConfiguration;
			buildSettings = {
				ALWAYS_EMBED_SWIFT_STANDARD_LIBRARIES = YES;
				BUNDLE_LOADER = "$(TEST_HOST)";
				CODE_SIGN_STYLE = Automatic;
				CURRENT_PROJECT_VERSION = 1;
				DEVELOPMENT_TEAM = CQ45U4X9K3;
				GENERATE_INFOPLIST_FILE = YES;
				MACOSX_DEPLOYMENT_TARGET = 14.0;
				MARKETING_VERSION = 1.0;
				PRODUCT_BUNDLE_IDENTIFIER = jamesRochabrun.CompareAITests;
				PRODUCT_NAME = "$(TARGET_NAME)";
				SWIFT_EMIT_LOC_STRINGS = NO;
				SWIFT_VERSION = 5.0;
				TEST_HOST = "$(BUILT_PRODUCTS_DIR)/CompareAI.app/$(BUNDLE_EXECUTABLE_FOLDER_PATH)/CompareAI";
			};
			name = Release;
		};
		7B4F85F42C255C45009B40FD /* Debug */ = {
			isa = XCBuildConfiguration;
			buildSettings = {
				ALWAYS_EMBED_SWIFT_STANDARD_LIBRARIES = YES;
				CODE_SIGN_STYLE = Automatic;
				CURRENT_PROJECT_VERSION = 1;
				DEVELOPMENT_TEAM = CQ45U4X9K3;
				GENERATE_INFOPLIST_FILE = YES;
				MARKETING_VERSION = 1.0;
				PRODUCT_BUNDLE_IDENTIFIER = jamesRochabrun.CompareAIUITests;
				PRODUCT_NAME = "$(TARGET_NAME)";
				SWIFT_EMIT_LOC_STRINGS = NO;
				SWIFT_VERSION = 5.0;
				TEST_TARGET_NAME = CompareAI;
			};
			name = Debug;
		};
		7B4F85F52C255C45009B40FD /* Release */ = {
			isa = XCBuildConfiguration;
			buildSettings = {
				ALWAYS_EMBED_SWIFT_STANDARD_LIBRARIES = YES;
				CODE_SIGN_STYLE = Automatic;
				CURRENT_PROJECT_VERSION = 1;
				DEVELOPMENT_TEAM = CQ45U4X9K3;
				GENERATE_INFOPLIST_FILE = YES;
				MARKETING_VERSION = 1.0;
				PRODUCT_BUNDLE_IDENTIFIER = jamesRochabrun.CompareAIUITests;
				PRODUCT_NAME = "$(TARGET_NAME)";
				SWIFT_EMIT_LOC_STRINGS = NO;
				SWIFT_VERSION = 5.0;
				TEST_TARGET_NAME = CompareAI;
			};
			name = Release;
		};
/* End XCBuildConfiguration section */

/* Begin XCConfigurationList section */
		7B4F85C32C255C44009B40FD /* Build configuration list for PBXProject "CompareAI" */ = {
			isa = XCConfigurationList;
			buildConfigurations = (
				7B4F85EB2C255C45009B40FD /* Debug */,
				7B4F85EC2C255C45009B40FD /* Release */,
			);
			defaultConfigurationIsVisible = 0;
			defaultConfigurationName = Release;
		};
		7B4F85ED2C255C45009B40FD /* Build configuration list for PBXNativeTarget "CompareAI" */ = {
			isa = XCConfigurationList;
			buildConfigurations = (
				7B4F85EE2C255C45009B40FD /* Debug */,
				7B4F85EF2C255C45009B40FD /* Release */,
			);
			defaultConfigurationIsVisible = 0;
			defaultConfigurationName = Release;
		};
		7B4F85F02C255C45009B40FD /* Build configuration list for PBXNativeTarget "CompareAITests" */ = {
			isa = XCConfigurationList;
			buildConfigurations = (
				7B4F85F12C255C45009B40FD /* Debug */,
				7B4F85F22C255C45009B40FD /* Release */,
			);
			defaultConfigurationIsVisible = 0;
			defaultConfigurationName = Release;
		};
		7B4F85F32C255C45009B40FD /* Build configuration list for PBXNativeTarget "CompareAIUITests" */ = {
			isa = XCConfigurationList;
			buildConfigurations = (
				7B4F85F42C255C45009B40FD /* Debug */,
				7B4F85F52C255C45009B40FD /* Release */,
			);
			defaultConfigurationIsVisible = 0;
			defaultConfigurationName = Release;
		};
/* End XCConfigurationList section */

/* Begin XCRemoteSwiftPackageReference section */
		7B4F85F62C255C75009B40FD /* XCRemoteSwiftPackageReference "PolyAI" */ = {
			isa = XCRemoteSwiftPackageReference;
			repositoryURL = "https://github.com/jamesrochabrun/PolyAI";
			requirement = {
				branch = main;
				kind = branch;
			};
		};
		7B8AABF42C26AA1400944FB5 /* XCRemoteSwiftPackageReference "Highlightr" */ = {
			isa = XCRemoteSwiftPackageReference;
			repositoryURL = "https://github.com/raspu/Highlightr";
			requirement = {
				kind = upToNextMajorVersion;
				minimumVersion = 2.2.0;
			};
		};
		7B8AABFA2C26AADD00944FB5 /* XCRemoteSwiftPackageReference "swift-markdown-ui" */ = {
			isa = XCRemoteSwiftPackageReference;
			repositoryURL = "https://github.com/gonzalezreal/swift-markdown-ui";
			requirement = {
				kind = upToNextMajorVersion;
				minimumVersion = 2.3.1;
			};
		};
/* End XCRemoteSwiftPackageReference section */

/* Begin XCSwiftPackageProductDependency section */
		7B492C2A2C311FC200E52A7B /* PolyAI */ = {
			isa = XCSwiftPackageProductDependency;
			package = 7B4F85F62C255C75009B40FD /* XCRemoteSwiftPackageReference "PolyAI" */;
			productName = PolyAI;
		};
		7B8AABF82C26AA7300944FB5 /* Highlightr */ = {
			isa = XCSwiftPackageProductDependency;
			package = 7B8AABF42C26AA1400944FB5 /* XCRemoteSwiftPackageReference "Highlightr" */;
			productName = Highlightr;
		};
		7B8AABFB2C26AAEC00944FB5 /* MarkdownUI */ = {
			isa = XCSwiftPackageProductDependency;
			package = 7B8AABFA2C26AADD00944FB5 /* XCRemoteSwiftPackageReference "swift-markdown-ui" */;
			productName = MarkdownUI;
		};
/* End XCSwiftPackageProductDependency section */
	};
	rootObject = 7B4F85C02C255C44009B40FD /* Project object */;
}
